
Microsoft Visual Studio Solution File, Format Version 12.00
# Visual Studio 15
VisualStudioVersion = 15.0.28307.572
MinimumVisualStudioVersion = 10.0.40219.1
Project("{FAE04EC0-301F-11D3-BF4B-00C04F79EFBC}") = "OracleDbForms", "OracleDbForms\OracleDbForms.csproj", "{6185FC4B-F8BB-4940-9EC7-8433B3CE4C02}"
EndProject
Global
	GlobalSection(SolutionConfigurationPlatforms) = preSolution
		Debug|Any CPU = Debug|Any CPU
		Release|Any CPU = Release|Any CPU
	EndGlobalSection
	GlobalSection(ProjectConfigurationPlatforms) = postSolution
		{6185FC4B-F8BB-4940-9EC7-8433B3CE4C02}.Debug|Any CPU.ActiveCfg = Debug|Any CPU
		{6185FC4B-F8BB-4940-9EC7-8433B3CE4C02}.Debug|Any CPU.Build.0 = Debug|Any CPU
		{6185FC4B-F8BB-4940-9EC7-8433B3CE4C02}.Release|Any CPU.ActiveCfg = Release|Any CPU
		{6185FC4B-F8BB-4940-9EC7-8433B3CE4C02}.Release|Any CPU.Build.0 = Release|Any CPU
	EndGlobalSection
	GlobalSection(SolutionProperties) = preSolution
		HideSolutionNode = FALSE
	EndGlobalSection
	GlobalSection(ExtensibilityGlobals) = postSolution
		SolutionGuid = {E05D7424-DBAA-4455-89EE-849E66848F2F}
	EndGlobalSection
EndGlobal
